
Microsoft Visual Studio Solution File, Format Version 12.00
# Visual Studio Version 17
VisualStudioVersion = 17.4.33213.308
MinimumVisualStudioVersion = 10.0.40219.1
Project("{9A19103F-16F7-4668-BE54-9A1E7A4F7556}") = "MusicPortal.WEB", "MusicPortal.WEB\MusicPortal.WEB.csproj", "{6CE6B14B-27D2-499C-8019-C1AF2E9ED86B}"
EndProject
Project("{9A19103F-16F7-4668-BE54-9A1E7A4F7556}") = "MusicPortal.DAL", "MusicPortal.DAL\MusicPortal.DAL.csproj", "{747C8CD3-5369-4F7D-A824-C2C588E9EC8C}"
EndProject
Project("{9A19103F-16F7-4668-BE54-9A1E7A4F7556}") = "MusicPortal.BLL", "MusicPortal.BLL\MusicPortal.BLL.csproj", "{8E3896A2-11BC-49DD-8B7C-B7EE4C335426}"
EndProject
Global
	GlobalSection(SolutionConfigurationPlatforms) = preSolution
		Debug|Any CPU = Debug|Any CPU
		Release|Any CPU = Release|Any CPU
	EndGlobalSection
	GlobalSection(ProjectConfigurationPlatforms) = postSolution
		{6CE6B14B-27D2-499C-8019-C1AF2E9ED86B}.Debug|Any CPU.ActiveCfg = Debug|Any CPU
		{6CE6B14B-27D2-499C-8019-C1AF2E9ED86B}.Debug|Any CPU.Build.0 = Debug|Any CPU
		{6CE6B14B-27D2-499C-8019-C1AF2E9ED86B}.Release|Any CPU.ActiveCfg = Release|Any CPU
		{6CE6B14B-27D2-499C-8019-C1AF2E9ED86B}.Release|Any CPU.Build.0 = Release|Any CPU
		{747C8CD3-5369-4F7D-A824-C2C588E9EC8C}.Debug|Any CPU.ActiveCfg = Debug|Any CPU
		{747C8CD3-5369-4F7D-A824-C2C588E9EC8C}.Debug|Any CPU.Build.0 = Debug|Any CPU
		{747C8CD3-5369-4F7D-A824-C2C588E9EC8C}.Release|Any CPU.ActiveCfg = Release|Any CPU
		{747C8CD3-5369-4F7D-A824-C2C588E9EC8C}.Release|Any CPU.Build.0 = Release|Any CPU
		{8E3896A2-11BC-49DD-8B7C-B7EE4C335426}.Debug|Any CPU.ActiveCfg = Debug|Any CPU
		{8E3896A2-11BC-49DD-8B7C-B7EE4C335426}.Debug|Any CPU.Build.0 = Debug|Any CPU
		{8E3896A2-11BC-49DD-8B7C-B7EE4C335426}.Release|Any CPU.ActiveCfg = Release|Any CPU
		{8E3896A2-11BC-49DD-8B7C-B7EE4C335426}.Release|Any CPU.Build.0 = Release|Any CPU
	EndGlobalSection
	GlobalSection(SolutionProperties) = preSolution
		HideSolutionNode = FALSE
	EndGlobalSection
	GlobalSection(ExtensibilityGlobals) = postSolution
		SolutionGuid = {6889BD19-354B-40E5-9BC8-470D9294EFB6}
	EndGlobalSection
EndGlobal
